
Microsoft Visual Studio Solution File, Format Version 12.00
# Visual Studio Version 16
VisualStudioVersion = 16.0.29324.140
MinimumVisualStudioVersion = 10.0.40219.1
Project("{FAE04EC0-301F-11D3-BF4B-00C04F79EFBC}") = "PatronAdapter", "PatronAdapter\PatronAdapter.csproj", "{15FE3F41-2959-412B-AAF3-24957AF08A7C}"
EndProject
Global
	GlobalSection(SolutionConfigurationPlatforms) = preSolution
		Debug|Any CPU = Debug|Any CPU
		Release|Any CPU = Release|Any CPU
	EndGlobalSection
	GlobalSection(ProjectConfigurationPlatforms) = postSolution
		{15FE3F41-2959-412B-AAF3-24957AF08A7C}.Debug|Any CPU.ActiveCfg = Debug|Any CPU
		{15FE3F41-2959-412B-AAF3-24957AF08A7C}.Debug|Any CPU.Build.0 = Debug|Any CPU
		{15FE3F41-2959-412B-AAF3-24957AF08A7C}.Release|Any CPU.ActiveCfg = Release|Any CPU
		{15FE3F41-2959-412B-AAF3-24957AF08A7C}.Release|Any CPU.Build.0 = Release|Any CPU
	EndGlobalSection
	GlobalSection(SolutionProperties) = preSolution
		HideSolutionNode = FALSE
	EndGlobalSection
	GlobalSection(ExtensibilityGlobals) = postSolution
		SolutionGuid = {B0EFC839-30C5-4BEA-8966-5BBE89B62D50}
	EndGlobalSection
EndGlobal
